# This file is automatically @generated by Poetry 1.7.0 and should not be changed by hand.

[[package]]
name = "adafruit-blinka"
version = "8.25.0"
description = "CircuitPython APIs for non-CircuitPython versions of Python such as CPython on Linux and MicroPython."
optional = false
python-versions = ">=3.7.0"
files = [
    {file = "Adafruit-Blinka-8.25.0.tar.gz", hash = "sha256:4cae1655a60c341d97e59108c0fa4f3963e8373b6195381e3b7f76ce1f4c2a5b"},
    {file = "Adafruit_Blinka-8.25.0-py3-none-any.whl", hash = "sha256:6ccb124143bfc1073af7225445c75781e5415ecb97484bd24a9e0d9dbfb90816"},
]

[package.dependencies]
adafruit-circuitpython-typing = "*"
Adafruit-PlatformDetect = ">=3.53.0"
Adafruit-PureIO = ">=1.1.7"
pyftdi = ">=0.40.0"

[[package]]
name = "adafruit-circuitpython-aw9523"
version = "1.1.8"
description = "Python library for AW9523 GPIO expander and LED driver"
optional = false
python-versions = "*"
files = [
    {file = "adafruit_circuitpython_aw9523-1.1.8-py3-none-any.whl", hash = "sha256:92640e6f8c001a54e58e760719990fabfc059a4f717f3921a1c693cb78207677"},
]

[package.dependencies]
Adafruit-Blinka = "*"
adafruit-circuitpython-busdevice = "*"
adafruit-circuitpython-register = "*"

[package.source]
type = "legacy"
url = "https://www.piwheels.org/simple"
reference = "piwheels"

[[package]]
name = "adafruit-circuitpython-busdevice"
version = "5.2.6"
description = "CircuitPython bus device classes to manage bus sharing."
optional = false
python-versions = "*"
files = [
    {file = "adafruit_circuitpython_busdevice-5.2.6-py3-none-any.whl", hash = "sha256:b6eed0dd8444c3812a26dc34590d83449c9617454618d55417bae0069cf383b3"},
]

[package.dependencies]
Adafruit-Blinka = ">=7.0.0"
adafruit-circuitpython-typing = "*"

[package.source]
type = "legacy"
url = "https://www.piwheels.org/simple"
reference = "piwheels"

[[package]]
name = "adafruit-circuitpython-register"
version = "1.9.17"
description = "CircuitPython data descriptor classes to represent hardware registers on I2C and SPI devices."
optional = false
python-versions = "*"
files = [
    {file = "adafruit_circuitpython_register-1.9.17-py3-none-any.whl", hash = "sha256:bb71809667e8b4ec013e5b42990f2fcd4a7f7e57c58ecf9e892cf87b34ccc8f6"},
]

[package.dependencies]
Adafruit-Blinka = "*"
adafruit-circuitpython-busdevice = "*"
adafruit-circuitpython-typing = ">=1.3.1,<2.dev0"
typing-extensions = ">=4.0,<5.0"

[package.source]
type = "legacy"
url = "https://www.piwheels.org/simple"
reference = "piwheels"

[[package]]
name = "adafruit-circuitpython-requests"
version = "2.0.2"
description = "A requests-like library for web interfacing"
optional = false
python-versions = "*"
files = [
    {file = "adafruit_circuitpython_requests-2.0.2-py3-none-any.whl", hash = "sha256:4d925123ddb9bd8d27fed1cb966d5613c3491ae64b7cadadacd6267a11a7d2ca"},
]

[package.dependencies]
Adafruit-Blinka = "*"

[package.source]
type = "legacy"
url = "https://www.piwheels.org/simple"
reference = "piwheels"

[[package]]
name = "adafruit-circuitpython-rgb-display"
version = "3.12.2"
description = "CircuitPython library for RGB displays."
optional = false
python-versions = "*"
files = [
    {file = "adafruit_circuitpython_rgb_display-3.12.2-py3-none-any.whl", hash = "sha256:48bad53b02d713eb2c01974169928766baf3d6e14b1c62bc7a390a518f8123fa"},
]

[package.dependencies]
Adafruit-Blinka = "*"
adafruit-circuitpython-busdevice = "*"

[package.source]
type = "legacy"
url = "https://www.piwheels.org/simple"
reference = "piwheels"

[[package]]
name = "adafruit-circuitpython-typing"
version = "1.9.5"
description = "Types needed for type annotation that are not in `typing`"
optional = false
python-versions = "*"
files = [
    {file = "adafruit_circuitpython_typing-1.9.5-py3-none-any.whl", hash = "sha256:48d5e975d91da328bd4339a743c4ce2c3c475f20432e394642f416388079496a"},
]

[package.dependencies]
Adafruit-Blinka = "*"
adafruit-circuitpython-busdevice = "*"
adafruit-circuitpython-requests = "*"
typing-extensions = ">=4.0,<5.0"

[package.source]
type = "legacy"
url = "https://www.piwheels.org/simple"
reference = "piwheels"

[[package]]
name = "adafruit-platformdetect"
version = "3.54.0"
description = "Platform detection for use by libraries like Adafruit-Blinka."
optional = false
python-versions = "*"
files = [
    {file = "Adafruit-PlatformDetect-3.54.0.tar.gz", hash = "sha256:3fe7fb781a83d3f28812bcbff34edd4100afb68901d9c62ee22d07e824d82168"},
    {file = "Adafruit_PlatformDetect-3.54.0-py3-none-any.whl", hash = "sha256:fecae7a6612bbcd32d1f40c2d2f1aa263c554be5e52cc6fa4eebaf8b80c33519"},
]

[[package]]
name = "adafruit-pureio"
version = "1.1.11"
description = "Pure python (i.e. no native extensions) access to Linux IO    including I2C and SPI. Drop in replacement for smbus and spidev modules."
optional = false
python-versions = ">=3.5.0"
files = [
    {file = "Adafruit_PureIO-1.1.11-py3-none-any.whl", hash = "sha256:665f23279bc216de92a00f34833650e2f49c9acc913fc3ca91195b94d172ed0f"},
]

[package.source]
type = "legacy"
url = "https://www.piwheels.org/simple"
reference = "piwheels"

[[package]]
name = "certifi"
version = "2023.7.22"
description = "Python package for providing Mozilla's CA Bundle."
optional = false
python-versions = ">=3.6"
files = [
    {file = "certifi-2023.7.22-py3-none-any.whl", hash = "sha256:4e4d84b05d4572339352afe85f0490367f5b8572b7f8d3f2373dffd642210f2d"},
]

[package.source]
type = "legacy"
url = "https://www.piwheels.org/simple"
reference = "piwheels"

[[package]]
name = "charset-normalizer"
version = "3.3.2"
description = "The Real First Universal Charset Detector. Open, modern and actively maintained alternative to Chardet."
optional = false
python-versions = ">=3.7.0"
files = [
    {file = "charset_normalizer-3.3.2-py3-none-any.whl", hash = "sha256:7c3627434be5f9e083deea5193461b7b75bc51b47cecf0a7cacf66f34d3394bf"},
]

[package.source]
type = "legacy"
url = "https://www.piwheels.org/simple"
reference = "piwheels"

[[package]]
name = "cython"
version = "3.0.5"
description = "The Cython compiler for writing C extensions in the Python language."
optional = true
python-versions = ">=2.7, !=3.0.*, !=3.1.*, !=3.2.*, !=3.3.*"
files = [
    {file = "Cython-3.0.5-cp311-cp311-linux_armv6l.whl", hash = "sha256:a7e4594bde5f96ec4463935d783613f402f2afa87567717f7857903e45f9d46d"},
    {file = "Cython-3.0.5-cp311-cp311-linux_armv7l.whl", hash = "sha256:a7e4594bde5f96ec4463935d783613f402f2afa87567717f7857903e45f9d46d"},
    {file = "Cython-3.0.5-cp37-cp37m-linux_armv6l.whl", hash = "sha256:95c3a82f1799f663cd25218265320adf1fdb7d542238f9e4ca39afd64b2ae148"},
    {file = "Cython-3.0.5-cp37-cp37m-linux_armv7l.whl", hash = "sha256:95c3a82f1799f663cd25218265320adf1fdb7d542238f9e4ca39afd64b2ae148"},
    {file = "Cython-3.0.5-cp39-cp39-linux_armv6l.whl", hash = "sha256:b42fd261b3f05211d0c49ed91b119650864cf7487f0a73c943fa882cafdf4473"},
    {file = "Cython-3.0.5-cp39-cp39-linux_armv7l.whl", hash = "sha256:b42fd261b3f05211d0c49ed91b119650864cf7487f0a73c943fa882cafdf4473"},
]

[package.source]
type = "legacy"
url = "https://www.piwheels.org/simple"
reference = "piwheels"

[[package]]
name = "docutils"
version = "0.20.1"
description = "Docutils -- Python Documentation Utilities"
optional = false
python-versions = ">=3.7"
files = [
    {file = "docutils-0.20.1-py3-none-any.whl", hash = "sha256:b4216feb877baaad23967397b3f9719acd8d15e3d0a28aca52b253595e2bb98e"},
]

[package.source]
type = "legacy"
url = "https://www.piwheels.org/simple"
reference = "piwheels"

[[package]]
name = "headless-kivy-pi"
version = "0.4.2"
description = "Headless renderer for Kivy framework on Raspberry Pi"
optional = false
python-versions = ">=3.9,<4.0"
files = [
    {file = "headless_kivy_pi-0.4.2-py3-none-any.whl", hash = "sha256:a2242a8adf0129975f42f86d8861aba77f04120fa5222fb95e5a89bdf7877447"},
    {file = "headless_kivy_pi-0.4.2.tar.gz", hash = "sha256:5b4acdd1c9b06749fde0eda3315f5b94dc24f44d91868e8f7a27b25895c7f3ea"},
]

[package.dependencies]
adafruit-circuitpython-aw9523 = ">=1.1.7,<2.0.0"
adafruit-circuitpython-rgb-display = ">=3.11.0,<4.0.0"
kivy = ">=2.2.1,<3.0.0"
numpy = ">=1.24.2,<2.0.0"
screeninfo = {version = ">=0.8.1,<0.9.0", optional = true, markers = "platform_machine != \"aarch64\" and extra == \"dev\""}
typing-extensions = ">=4.8.0,<5.0.0"

[package.extras]
dev = ["screeninfo (>=0.8.1,<0.9.0)"]

[[package]]
name = "idna"
version = "3.4"
description = "Internationalized Domain Names in Applications (IDNA)"
optional = false
python-versions = ">=3.5"
files = [
    {file = "idna-3.4-py3-none-any.whl", hash = "sha256:bcac1132a4eadea8321490704e2349b752e29c6ec2f1c27d372010e76ebd3fa1"},
]

[package.source]
type = "legacy"
url = "https://www.piwheels.org/simple"
reference = "piwheels"

[[package]]
name = "kivy"
version = "2.2.1"
description = "A software library for rapid development of hardware-accelerated multitouch applications."
optional = false
python-versions = ">=3.7"
files = [
    {file = "Kivy-2.2.1-cp37-cp37m-linux_armv6l.whl", hash = "sha256:f0312dc2b154f2730acaaac1fb9b60081dc55026b2c861fd1d9e34834b5d71ff"},
    {file = "Kivy-2.2.1-cp37-cp37m-linux_armv7l.whl", hash = "sha256:f0312dc2b154f2730acaaac1fb9b60081dc55026b2c861fd1d9e34834b5d71ff"},
    {file = "Kivy-2.2.1-cp39-cp39-linux_armv6l.whl", hash = "sha256:61e5dd7ea9d03a6ed8dcd735328049ca1ccb5d7ed5db8db6215b8106115e832a"},
    {file = "Kivy-2.2.1-cp39-cp39-linux_armv7l.whl", hash = "sha256:61e5dd7ea9d03a6ed8dcd735328049ca1ccb5d7ed5db8db6215b8106115e832a"},
]

[package.dependencies]
docutils = "*"
"kivy-deps.angle" = {version = ">=0.3.3,<0.4.0", markers = "sys_platform == \"win32\""}
"kivy-deps.glew" = {version = ">=0.3.1,<0.4.0", markers = "sys_platform == \"win32\""}
"kivy-deps.sdl2" = {version = ">=0.6.0,<0.7.0", markers = "sys_platform == \"win32\""}
Kivy-Garden = ">=0.1.4"
pygments = "*"
pypiwin32 = {version = "*", markers = "sys_platform == \"win32\""}

[package.extras]
angle = ["kivy-deps.angle (>=0.3.3,<0.4.0)"]
base = ["docutils", "kivy-deps.angle (>=0.3.3,<0.4.0)", "kivy-deps.glew (>=0.3.1,<0.4.0)", "kivy-deps.sdl2 (>=0.6.0,<0.7.0)", "pillow", "pygments", "pypiwin32", "requests"]
dev = ["flake8", "funcparserlib (==1.0.0a0)", "kivy-deps.glew-dev (>=0.3.1,<0.4.0)", "kivy-deps.gstreamer-dev (>=0.3.3,<0.4.0)", "kivy-deps.sdl2-dev (>=0.6.0,<0.7.0)", "pre-commit", "pyinstaller", "pytest (>=3.6)", "pytest-asyncio (!=0.11.0)", "pytest-benchmark", "pytest-cov", "pytest-timeout", "responses", "sphinx (<=6.2.1)", "sphinxcontrib-actdiag", "sphinxcontrib-blockdiag", "sphinxcontrib-jquery", "sphinxcontrib-nwdiag", "sphinxcontrib-seqdiag"]
full = ["docutils", "ffpyplayer", "kivy-deps.angle (>=0.3.3,<0.4.0)", "kivy-deps.glew (>=0.3.1,<0.4.0)", "kivy-deps.gstreamer (>=0.3.3,<0.4.0)", "kivy-deps.sdl2 (>=0.6.0,<0.7.0)", "pillow", "pygments", "pypiwin32"]
glew = ["kivy-deps.glew (>=0.3.1,<0.4.0)"]
gstreamer = ["kivy-deps.gstreamer (>=0.3.3,<0.4.0)"]
media = ["ffpyplayer", "kivy-deps.gstreamer (>=0.3.3,<0.4.0)"]
sdl2 = ["kivy-deps.sdl2 (>=0.6.0,<0.7.0)"]
tuio = ["oscpy"]

[package.source]
type = "legacy"
url = "https://www.piwheels.org/simple"
reference = "piwheels"

[[package]]
name = "kivy-deps-angle"
version = "0.3.3"
description = "Repackaged binary dependency of Kivy."
optional = false
python-versions = "*"
files = [
    {file = "kivy_deps.angle-0.3.3-cp310-cp310-win32.whl", hash = "sha256:8e571b2c662480a265420d6ded386df208d83272896daf616256672c5648e538"},
    {file = "kivy_deps.angle-0.3.3-cp310-cp310-win_amd64.whl", hash = "sha256:e48457f6830fb53aaaa6bf3bd63d50120c1bc1c94f207d988cc8071c122456e9"},
    {file = "kivy_deps.angle-0.3.3-cp311-cp311-win32.whl", hash = "sha256:fdc3de5ead670a8ee0bb411b603cabeaecf7fe277cf99cd70c9585cd964f19a2"},
    {file = "kivy_deps.angle-0.3.3-cp311-cp311-win_amd64.whl", hash = "sha256:c380fb602782e525deba1200cdc0fd3c03b6b3855edb283d76f68485a185061a"},
    {file = "kivy_deps.angle-0.3.3-cp37-cp37m-win32.whl", hash = "sha256:0fa32cc718b51b21745b6b7a055e6e171517f567b5900250c49539bae3d69806"},
    {file = "kivy_deps.angle-0.3.3-cp37-cp37m-win_amd64.whl", hash = "sha256:6336455e59f5b8dd4dd57caca2adf397a48726af8afc48384f4539dccb7b889c"},
    {file = "kivy_deps.angle-0.3.3-cp38-cp38-win32.whl", hash = "sha256:e3fd1168dd4090cc2ccf650abe209483c0794c5a454360c41b01633888afbba1"},
    {file = "kivy_deps.angle-0.3.3-cp38-cp38-win_amd64.whl", hash = "sha256:f044d7e6a9f839222e44f9ae0441ae25ff42e35a5c1b7d1ea9a4d0845dd57172"},
    {file = "kivy_deps.angle-0.3.3-cp39-cp39-win32.whl", hash = "sha256:00a4922a50a55f532722a4419eb394a7a8837d0f78620e2b47f33c6db45a4dc0"},
    {file = "kivy_deps.angle-0.3.3-cp39-cp39-win_amd64.whl", hash = "sha256:de6dbe3273e95a85f6f96c9f52cc0d29a1f92aa05fd10de886ba8c483021b532"},
]

[[package]]
name = "kivy-deps-glew"
version = "0.3.1"
description = "Repackaged binary dependency of Kivy."
optional = false
python-versions = "*"
files = [
    {file = "kivy_deps.glew-0.3.1-cp310-cp310-win32.whl", hash = "sha256:8f4b3ed15acb62474909b6d41661ffb4da9eb502bb5684301fb2da668f288a58"},
    {file = "kivy_deps.glew-0.3.1-cp310-cp310-win_amd64.whl", hash = "sha256:aef2d2a93f129d8425c75234e7f6cc0a34b59a4aee67f6d2cd7a5fdfa9915b53"},
    {file = "kivy_deps.glew-0.3.1-cp311-cp311-win32.whl", hash = "sha256:ee2f80ef7ac70f4b61c50da8101b024308a8c59a57f7f25a6e09762b6c48f942"},
    {file = "kivy_deps.glew-0.3.1-cp311-cp311-win_amd64.whl", hash = "sha256:22e155ec59ce717387f5d8804811206d200a023ba3d0bc9bbf1393ee28d0053e"},
    {file = "kivy_deps.glew-0.3.1-cp37-cp37m-win32.whl", hash = "sha256:5bf6a63fe9cc4fe7bbf280ec267ec8c47914020a1175fb22152525ff1837b436"},
    {file = "kivy_deps.glew-0.3.1-cp37-cp37m-win_amd64.whl", hash = "sha256:d64a8625799fab7a7efeb3661ef8779a7f9c6d80da53eed87a956320f55530fa"},
    {file = "kivy_deps.glew-0.3.1-cp38-cp38-win32.whl", hash = "sha256:00f4ae0a4682d951266458ddb639451edb24baa54a35215dce889209daf19a06"},
    {file = "kivy_deps.glew-0.3.1-cp38-cp38-win_amd64.whl", hash = "sha256:3f8b89dcf1846032d7a9c5ef88b0ee9cbd13366e9b4c85ada61e01549a910677"},
    {file = "kivy_deps.glew-0.3.1-cp39-cp39-win32.whl", hash = "sha256:4e377ed97670dfda619a1b63a82345a8589be90e7c616a458fba2810708810b1"},
    {file = "kivy_deps.glew-0.3.1-cp39-cp39-win_amd64.whl", hash = "sha256:081a09b92f7e7817f489f8b6b31c9c9623661378de1dce1d6b097af5e7d42b45"},
]

[[package]]
name = "kivy-deps-sdl2"
version = "0.6.0"
description = "Repackaged binary dependency of Kivy."
optional = false
python-versions = "*"
files = [
    {file = "kivy_deps.sdl2-0.6.0-cp310-cp310-win32.whl", hash = "sha256:12706ce376f258233386cff2e1d31163d2d97e34f23730d7a3b1f3931af4c78d"},
    {file = "kivy_deps.sdl2-0.6.0-cp310-cp310-win_amd64.whl", hash = "sha256:55e951f89b3e0ad9e703a0f1d3f68092f8beb71e3beebd91cffc0d13f9a06015"},
    {file = "kivy_deps.sdl2-0.6.0-cp311-cp311-win32.whl", hash = "sha256:f9c932badc868b948b65626884e4b6617373b7ce8260f4c1ac9de5979cdf30b3"},
    {file = "kivy_deps.sdl2-0.6.0-cp311-cp311-win_amd64.whl", hash = "sha256:155c2b2ae33550dee39db2343b4128036aa7e039483996763a208f82a4cb20a8"},
    {file = "kivy_deps.sdl2-0.6.0-cp37-cp37m-win32.whl", hash = "sha256:d3b66da88cc256369be9df19874e55752473f41bffbbbc1a0d146bb09618c5a1"},
    {file = "kivy_deps.sdl2-0.6.0-cp37-cp37m-win_amd64.whl", hash = "sha256:4d461e4eaa30d19b8e921b40e640efb991ec9b2047cab53c85d5c1d1a30cef4a"},
    {file = "kivy_deps.sdl2-0.6.0-cp38-cp38-win32.whl", hash = "sha256:f091c84144f612969e5474bdd2d6e46c6dd94834b621e79770e89b52572bd836"},
    {file = "kivy_deps.sdl2-0.6.0-cp38-cp38-win_amd64.whl", hash = "sha256:23e6aed2d1570d2a2ba4f93956d8a9fb8610d908391fe816568ceb3096a3808a"},
    {file = "kivy_deps.sdl2-0.6.0-cp39-cp39-win32.whl", hash = "sha256:78b151065b89bf8fd35694e9415e24f9bd8b4706cf0f439f2371183a6950d857"},
    {file = "kivy_deps.sdl2-0.6.0-cp39-cp39-win_amd64.whl", hash = "sha256:fc1f78d86021a2bf1d8e6107ad611cc8c0610f6faf76062ab39ffdf1de31baef"},
]

[[package]]
name = "kivy-garden"
version = "0.1.5"
description = ""
optional = false
python-versions = "*"
files = [
    {file = "Kivy Garden-0.1.5.tar.gz", hash = "sha256:2b8377378e87501d5d271f33d94f0e44c089884572c64f89c9d609b1f86a2748"},
    {file = "Kivy_Garden-0.1.5-py3-none-any.whl", hash = "sha256:ef50f44b96358cf10ac5665f27a4751bb34ef54051c54b93af891f80afe42929"},
]

[package.dependencies]
requests = "*"

[[package]]
name = "numpy"
version = "1.26.2"
description = "Fundamental package for array computing in Python"
optional = false
python-versions = ">=3.9"
files = [
    {file = "numpy-1.26.2-cp310-cp310-macosx_10_9_x86_64.whl", hash = "sha256:3703fc9258a4a122d17043e57b35e5ef1c5a5837c3db8be396c82e04c1cf9b0f"},
    {file = "numpy-1.26.2-cp310-cp310-macosx_11_0_arm64.whl", hash = "sha256:cc392fdcbd21d4be6ae1bb4475a03ce3b025cd49a9be5345d76d7585aea69440"},
    {file = "numpy-1.26.2-cp310-cp310-manylinux_2_17_aarch64.manylinux2014_aarch64.whl", hash = "sha256:36340109af8da8805d8851ef1d74761b3b88e81a9bd80b290bbfed61bd2b4f75"},
    {file = "numpy-1.26.2-cp310-cp310-manylinux_2_17_x86_64.manylinux2014_x86_64.whl", hash = "sha256:bcc008217145b3d77abd3e4d5ef586e3bdfba8fe17940769f8aa09b99e856c00"},
    {file = "numpy-1.26.2-cp310-cp310-musllinux_1_1_aarch64.whl", hash = "sha256:3ced40d4e9e18242f70dd02d739e44698df3dcb010d31f495ff00a31ef6014fe"},
    {file = "numpy-1.26.2-cp310-cp310-musllinux_1_1_x86_64.whl", hash = "sha256:b272d4cecc32c9e19911891446b72e986157e6a1809b7b56518b4f3755267523"},
    {file = "numpy-1.26.2-cp310-cp310-win32.whl", hash = "sha256:22f8fc02fdbc829e7a8c578dd8d2e15a9074b630d4da29cda483337e300e3ee9"},
    {file = "numpy-1.26.2-cp310-cp310-win_amd64.whl", hash = "sha256:26c9d33f8e8b846d5a65dd068c14e04018d05533b348d9eaeef6c1bd787f9919"},
    {file = "numpy-1.26.2-cp311-cp311-macosx_10_9_x86_64.whl", hash = "sha256:b96e7b9c624ef3ae2ae0e04fa9b460f6b9f17ad8b4bec6d7756510f1f6c0c841"},
    {file = "numpy-1.26.2-cp311-cp311-macosx_11_0_arm64.whl", hash = "sha256:aa18428111fb9a591d7a9cc1b48150097ba6a7e8299fb56bdf574df650e7d1f1"},
    {file = "numpy-1.26.2-cp311-cp311-manylinux_2_17_aarch64.manylinux2014_aarch64.whl", hash = "sha256:06fa1ed84aa60ea6ef9f91ba57b5ed963c3729534e6e54055fc151fad0423f0a"},
    {file = "numpy-1.26.2-cp311-cp311-manylinux_2_17_x86_64.manylinux2014_x86_64.whl", hash = "sha256:96ca5482c3dbdd051bcd1fce8034603d6ebfc125a7bd59f55b40d8f5d246832b"},
    {file = "numpy-1.26.2-cp311-cp311-musllinux_1_1_aarch64.whl", hash = "sha256:854ab91a2906ef29dc3925a064fcd365c7b4da743f84b123002f6139bcb3f8a7"},
    {file = "numpy-1.26.2-cp311-cp311-musllinux_1_1_x86_64.whl", hash = "sha256:f43740ab089277d403aa07567be138fc2a89d4d9892d113b76153e0e412409f8"},
    {file = "numpy-1.26.2-cp311-cp311-win32.whl", hash = "sha256:a2bbc29fcb1771cd7b7425f98b05307776a6baf43035d3b80c4b0f29e9545186"},
    {file = "numpy-1.26.2-cp311-cp311-win_amd64.whl", hash = "sha256:2b3fca8a5b00184828d12b073af4d0fc5fdd94b1632c2477526f6bd7842d700d"},
    {file = "numpy-1.26.2-cp312-cp312-macosx_10_9_x86_64.whl", hash = "sha256:a4cd6ed4a339c21f1d1b0fdf13426cb3b284555c27ac2f156dfdaaa7e16bfab0"},
    {file = "numpy-1.26.2-cp312-cp312-macosx_11_0_arm64.whl", hash = "sha256:5d5244aabd6ed7f312268b9247be47343a654ebea52a60f002dc70c769048e75"},
    {file = "numpy-1.26.2-cp312-cp312-manylinux_2_17_aarch64.manylinux2014_aarch64.whl", hash = "sha256:6a3cdb4d9c70e6b8c0814239ead47da00934666f668426fc6e94cce869e13fd7"},
    {file = "numpy-1.26.2-cp312-cp312-manylinux_2_17_x86_64.manylinux2014_x86_64.whl", hash = "sha256:aa317b2325f7aa0a9471663e6093c210cb2ae9c0ad824732b307d2c51983d5b6"},
    {file = "numpy-1.26.2-cp312-cp312-musllinux_1_1_aarch64.whl", hash = "sha256:174a8880739c16c925799c018f3f55b8130c1f7c8e75ab0a6fa9d41cab092fd6"},
    {file = "numpy-1.26.2-cp312-cp312-musllinux_1_1_x86_64.whl", hash = "sha256:f79b231bf5c16b1f39c7f4875e1ded36abee1591e98742b05d8a0fb55d8a3eec"},
    {file = "numpy-1.26.2-cp312-cp312-win32.whl", hash = "sha256:4a06263321dfd3598cacb252f51e521a8cb4b6df471bb12a7ee5cbab20ea9167"},
    {file = "numpy-1.26.2-cp312-cp312-win_amd64.whl", hash = "sha256:b04f5dc6b3efdaab541f7857351aac359e6ae3c126e2edb376929bd3b7f92d7e"},
    {file = "numpy-1.26.2-cp39-cp39-macosx_10_9_x86_64.whl", hash = "sha256:4eb8df4bf8d3d90d091e0146f6c28492b0be84da3e409ebef54349f71ed271ef"},
    {file = "numpy-1.26.2-cp39-cp39-macosx_11_0_arm64.whl", hash = "sha256:1a13860fdcd95de7cf58bd6f8bc5a5ef81c0b0625eb2c9a783948847abbef2c2"},
    {file = "numpy-1.26.2-cp39-cp39-manylinux_2_17_aarch64.manylinux2014_aarch64.whl", hash = "sha256:64308ebc366a8ed63fd0bf426b6a9468060962f1a4339ab1074c228fa6ade8e3"},
    {file = "numpy-1.26.2-cp39-cp39-manylinux_2_17_x86_64.manylinux2014_x86_64.whl", hash = "sha256:baf8aab04a2c0e859da118f0b38617e5ee65d75b83795055fb66c0d5e9e9b818"},
    {file = "numpy-1.26.2-cp39-cp39-musllinux_1_1_aarch64.whl", hash = "sha256:d73a3abcac238250091b11caef9ad12413dab01669511779bc9b29261dd50210"},
    {file = "numpy-1.26.2-cp39-cp39-musllinux_1_1_x86_64.whl", hash = "sha256:b361d369fc7e5e1714cf827b731ca32bff8d411212fccd29ad98ad622449cc36"},
    {file = "numpy-1.26.2-cp39-cp39-win32.whl", hash = "sha256:bd3f0091e845164a20bd5a326860c840fe2af79fa12e0469a12768a3ec578d80"},
    {file = "numpy-1.26.2-cp39-cp39-win_amd64.whl", hash = "sha256:2beef57fb031dcc0dc8fa4fe297a742027b954949cabb52a2a376c144e5e6060"},
    {file = "numpy-1.26.2-pp39-pypy39_pp73-macosx_10_9_x86_64.whl", hash = "sha256:1cc3d5029a30fb5f06704ad6b23b35e11309491c999838c31f124fee32107c79"},
    {file = "numpy-1.26.2-pp39-pypy39_pp73-manylinux_2_17_x86_64.manylinux2014_x86_64.whl", hash = "sha256:94cc3c222bb9fb5a12e334d0479b97bb2df446fbe622b470928f5284ffca3f8d"},
    {file = "numpy-1.26.2-pp39-pypy39_pp73-win_amd64.whl", hash = "sha256:fe6b44fb8fcdf7eda4ef4461b97b3f63c466b27ab151bec2366db8b197387841"},
    {file = "numpy-1.26.2.tar.gz", hash = "sha256:f65738447676ab5777f11e6bbbdb8ce11b785e105f690bc45966574816b6d3ea"},
]

[[package]]
name = "pastel"
version = "0.2.1"
description = "Bring colors to your terminal."
optional = false
python-versions = ">=2.7, !=3.0.*, !=3.1.*, !=3.2.*, !=3.3.*"
files = [
    {file = "pastel-0.2.1-py2.py3-none-any.whl", hash = "sha256:4349225fcdf6c2bb34d483e523475de5bb04a5c10ef711263452cb37d7dd4364"},
]

[package.source]
type = "legacy"
url = "https://www.piwheels.org/simple"
reference = "piwheels"

[[package]]
name = "poethepoet"
version = "0.24.3"
description = "A task runner that works well with poetry."
optional = false
python-versions = ">=3.8"
files = [
    {file = "poethepoet-0.24.3-py3-none-any.whl", hash = "sha256:8817c6d3d8492776bbb17eb29b7b815b2905aefaa0ad887137e69e53349e2235"},
    {file = "poethepoet-0.24.3.tar.gz", hash = "sha256:73f1060200d1c8f21e303d06a879c5c0e17b96ab16740da70aee2dcc3e4350e4"},
]

[package.dependencies]
pastel = ">=0.2.1,<0.3.0"
tomli = ">=1.2.2"

[package.extras]
poetry-plugin = ["poetry (>=1.0,<2.0)"]

[[package]]
name = "psutil"
version = "5.9.6"
description = "Cross-platform lib for process and system monitoring in Python."
optional = false
python-versions = ">=2.7, !=3.0.*, !=3.1.*, !=3.2.*, !=3.3.*, !=3.4.*, !=3.5.*"
files = [
    {file = "psutil-5.9.6-cp311-abi3-linux_armv6l.whl", hash = "sha256:627f5478251560e8858aa260d20a019d91cd57f32af884b549a030619ead3c26"},
    {file = "psutil-5.9.6-cp311-abi3-linux_armv7l.whl", hash = "sha256:627f5478251560e8858aa260d20a019d91cd57f32af884b549a030619ead3c26"},
    {file = "psutil-5.9.6-cp37-abi3-linux_armv6l.whl", hash = "sha256:ca8dd042776337af58d0b7ea22a7aa2f7e20e78535bd10a8db180522e0fddafe"},
    {file = "psutil-5.9.6-cp37-abi3-linux_armv7l.whl", hash = "sha256:ca8dd042776337af58d0b7ea22a7aa2f7e20e78535bd10a8db180522e0fddafe"},
    {file = "psutil-5.9.6-cp39-abi3-linux_armv6l.whl", hash = "sha256:a81f4d0267b0dacfa1fd06929268be99af81a1463a6a0ba02c663b41145d7dda"},
    {file = "psutil-5.9.6-cp39-abi3-linux_armv7l.whl", hash = "sha256:a81f4d0267b0dacfa1fd06929268be99af81a1463a6a0ba02c663b41145d7dda"},
]

[package.extras]
test = ["enum34", "ipaddress", "mock", "pywin32", "wmi"]

[package.source]
type = "legacy"
url = "https://www.piwheels.org/simple"
reference = "piwheels"

[[package]]
name = "pyftdi"
version = "0.55.0"
description = "FTDI device driver (pure Python)"
optional = false
python-versions = ">=3.8"
files = [
    {file = "pyftdi-0.55.0-py3-none-any.whl", hash = "sha256:662770e70b3c26dd8832a63adc660836f6557808005dd2735182f0c5a6aaa449"},
]

[package.dependencies]
pyserial = ">=3.0"
pyusb = ">=1.0.0,<1.2.0 || >1.2.0"

[package.source]
type = "legacy"
url = "https://www.piwheels.org/simple"
reference = "piwheels"

[[package]]
name = "pygments"
version = "2.16.1"
description = "Pygments is a syntax highlighting package written in Python."
optional = false
python-versions = ">=3.7"
files = [
    {file = "Pygments-2.16.1-py3-none-any.whl", hash = "sha256:ca6616a95d7517ca5c636e9b865bcb47035881de11845ee5c8ba9f6cfbd39783"},
]

[package.extras]
plugins = ["importlib-metadata"]

[package.source]
type = "legacy"
url = "https://www.piwheels.org/simple"
reference = "piwheels"

[[package]]
name = "pyobjc-core"
version = "10.0"
description = "Python<->ObjC Interoperability Module"
optional = true
python-versions = ">=3.8"
files = [
    {file = "pyobjc-core-10.0.tar.gz", hash = "sha256:3dd0a7b3acd7e0b8ffd3f5331b29a3aaebe79a03323e61efeece38627a6020b3"},
    {file = "pyobjc_core-10.0-cp310-cp310-macosx_10_9_universal2.whl", hash = "sha256:61ea5112a672d21b5b0ed945778707c655b17c400672aef144705674c4b95499"},
    {file = "pyobjc_core-10.0-cp311-cp311-macosx_10_9_universal2.whl", hash = "sha256:99b72cda4593e0c66037b25a178f2bcc6efffb6d5d9dcd477ecca859a1f9ae8e"},
    {file = "pyobjc_core-10.0-cp312-cp312-macosx_10_9_universal2.whl", hash = "sha256:2843ca32e86a01ccee67d7ad82a325ddd72d754929d1f2c0d96bc8741dc9af09"},
    {file = "pyobjc_core-10.0-cp38-cp38-macosx_10_9_x86_64.whl", hash = "sha256:a886b9d2a93210cab4ae72601ab005ca6f627fa2f0cc62c43c03ef1405067a11"},
    {file = "pyobjc_core-10.0-cp38-cp38-macosx_11_0_universal2.whl", hash = "sha256:166666b5c380a49e8aa1ad1dda978c581e29a00703d82203216f3c65a3f397a4"},
    {file = "pyobjc_core-10.0-cp39-cp39-macosx_10_9_universal2.whl", hash = "sha256:198a0360f64e4c0148eed07b42d1de0545f56c498c356d1d5524422bb3352907"},
]

[[package]]
name = "pyobjc-framework-cocoa"
version = "10.0"
description = "Wrappers for the Cocoa frameworks on macOS"
optional = true
python-versions = ">=3.8"
files = [
    {file = "pyobjc-framework-Cocoa-10.0.tar.gz", hash = "sha256:723421eff4f59e4ca9a9bb8ec6dafbc0f778141236fa85a49fdd86732d58a74c"},
    {file = "pyobjc_framework_Cocoa-10.0-cp310-cp310-macosx_10_9_universal2.whl", hash = "sha256:80c22a8fc7f085746d9cd222adeca8fe6790e3e6ad7eed5fc70b32aa87c10adb"},
    {file = "pyobjc_framework_Cocoa-10.0-cp311-cp311-macosx_10_9_universal2.whl", hash = "sha256:0187cba228976a45f41116c74aab079b64bacb3ffc3c886a4bd8e472bf9be581"},
    {file = "pyobjc_framework_Cocoa-10.0-cp312-cp312-macosx_10_9_universal2.whl", hash = "sha256:a81dabdc40268591e3196087388e680c6570fed1b521df9b04733cb3ece0414e"},
    {file = "pyobjc_framework_Cocoa-10.0-cp38-cp38-macosx_10_9_x86_64.whl", hash = "sha256:0a23db9ab99e338e1d8a268d873cc15408f78cec9946308393ca2241820c18b8"},
    {file = "pyobjc_framework_Cocoa-10.0-cp38-cp38-macosx_11_0_universal2.whl", hash = "sha256:a3c66fe56a5156a818fbf056c589f8140a5fdb1dcb1f1075cb34d3755474d900"},
    {file = "pyobjc_framework_Cocoa-10.0-cp39-cp39-macosx_10_9_universal2.whl", hash = "sha256:bf9020e85ead569021b15272dcd90207aab6c754093f520b11d4210a2efbdd06"},
]

[package.dependencies]
pyobjc-core = ">=10.0"

[[package]]
name = "pypiwin32"
version = "223"
description = ""
optional = false
python-versions = "*"
files = [
    {file = "pypiwin32-223-py3-none-any.whl", hash = "sha256:67adf399debc1d5d14dffc1ab5acacb800da569754fafdc576b2a039485aa775"},
]

[package.dependencies]
pywin32 = ">=223"

[package.source]
type = "legacy"
url = "https://www.piwheels.org/simple"
reference = "piwheels"

[[package]]
name = "pyserial"
version = "3.5"
description = "Python Serial Port Extension"
optional = false
python-versions = "*"
files = [
    {file = "pyserial-3.5-py2.py3-none-any.whl", hash = "sha256:c4451db6ba391ca6ca299fb3ec7bae67a5c55dde170964c7a14ceefec02f2cf0"},
]

[package.extras]
cp2110 = ["hidapi"]

[package.source]
type = "legacy"
url = "https://www.piwheels.org/simple"
reference = "piwheels"

[[package]]
name = "python-redux"
version = "0.3.2"
description = "Redux implementation for Python"
optional = false
python-versions = "^3.9"
files = []
develop = true

[package.source]
type = "directory"
url = "../python-redux"

[[package]]
name = "pyusb"
version = "1.2.1"
description = "Python USB access module"
optional = false
python-versions = ">=3.6.0"
files = [
    {file = "pyusb-1.2.1-py3-none-any.whl", hash = "sha256:2b4c7cb86dbadf044dfb9d3a4ff69fd217013dbe78a792177a3feb172449ea36"},
]

[package.source]
type = "legacy"
url = "https://www.piwheels.org/simple"
reference = "piwheels"

[[package]]
name = "pywin32"
version = "306"
description = "Python for Window Extensions"
optional = false
python-versions = "*"
files = [
    {file = "pywin32-306-cp310-cp310-win32.whl", hash = "sha256:06d3420a5155ba65f0b72f2699b5bacf3109f36acbe8923765c22938a69dfc8d"},
    {file = "pywin32-306-cp310-cp310-win_amd64.whl", hash = "sha256:84f4471dbca1887ea3803d8848a1616429ac94a4a8d05f4bc9c5dcfd42ca99c8"},
    {file = "pywin32-306-cp311-cp311-win32.whl", hash = "sha256:e65028133d15b64d2ed8f06dd9fbc268352478d4f9289e69c190ecd6818b6407"},
    {file = "pywin32-306-cp311-cp311-win_amd64.whl", hash = "sha256:a7639f51c184c0272e93f244eb24dafca9b1855707d94c192d4a0b4c01e1100e"},
    {file = "pywin32-306-cp311-cp311-win_arm64.whl", hash = "sha256:70dba0c913d19f942a2db25217d9a1b726c278f483a919f1abfed79c9cf64d3a"},
    {file = "pywin32-306-cp312-cp312-win32.whl", hash = "sha256:383229d515657f4e3ed1343da8be101000562bf514591ff383ae940cad65458b"},
    {file = "pywin32-306-cp312-cp312-win_amd64.whl", hash = "sha256:37257794c1ad39ee9be652da0462dc2e394c8159dfd913a8a4e8eb6fd346da0e"},
    {file = "pywin32-306-cp312-cp312-win_arm64.whl", hash = "sha256:5821ec52f6d321aa59e2db7e0a35b997de60c201943557d108af9d4ae1ec7040"},
    {file = "pywin32-306-cp37-cp37m-win32.whl", hash = "sha256:1c73ea9a0d2283d889001998059f5eaaba3b6238f767c9cf2833b13e6a685f65"},
    {file = "pywin32-306-cp37-cp37m-win_amd64.whl", hash = "sha256:72c5f621542d7bdd4fdb716227be0dd3f8565c11b280be6315b06ace35487d36"},
    {file = "pywin32-306-cp38-cp38-win32.whl", hash = "sha256:e4c092e2589b5cf0d365849e73e02c391c1349958c5ac3e9d5ccb9a28e017b3a"},
    {file = "pywin32-306-cp38-cp38-win_amd64.whl", hash = "sha256:e8ac1ae3601bee6ca9f7cb4b5363bf1c0badb935ef243c4733ff9a393b1690c0"},
    {file = "pywin32-306-cp39-cp39-win32.whl", hash = "sha256:e25fd5b485b55ac9c057f67d94bc203f3f6595078d1fb3b458c9c28b7153a802"},
    {file = "pywin32-306-cp39-cp39-win_amd64.whl", hash = "sha256:39b61c15272833b5c329a2989999dcae836b1eed650252ab1b7bfbe1d59f30f4"},
]

[[package]]
name = "requests"
version = "2.31.0"
description = "Python HTTP for Humans."
optional = false
python-versions = ">=3.7"
files = [
    {file = "requests-2.31.0-py3-none-any.whl", hash = "sha256:471e7795897eff62a8e31f26f241e3e67ee80d1bd0f64236538a3dda8d3f1acc"},
]

[package.dependencies]
certifi = ">=2017.4.17"
charset-normalizer = ">=2,<4"
idna = ">=2.5,<4"
urllib3 = ">=1.21.1,<3"

[package.extras]
socks = ["PySocks (>=1.5.6,!=1.5.7)"]
use-chardet-on-py3 = ["chardet (>=3.0.2,<6)"]

[package.source]
type = "legacy"
url = "https://www.piwheels.org/simple"
reference = "piwheels"

[[package]]
name = "screeninfo"
version = "0.8.1"
description = "Fetch location and size of physical screens."
optional = true
python-versions = ">=3.6.2,<4.0.0"
files = [
    {file = "screeninfo-0.8.1-py3-none-any.whl", hash = "sha256:1d5c100d6cf2b65ebde6c112be395693f953ed25377187f75fdf5a0ac5587b31"},
]

[package.dependencies]
Cython = {version = "*", markers = "sys_platform == \"darwin\""}
pyobjc-framework-Cocoa = {version = "*", markers = "sys_platform == \"darwin\""}

[package.source]
type = "legacy"
url = "https://www.piwheels.org/simple"
reference = "piwheels"

[[package]]
name = "tomli"
version = "2.0.1"
description = "A lil' TOML parser"
optional = false
python-versions = ">=3.7"
files = [
    {file = "tomli-2.0.1-py3-none-any.whl", hash = "sha256:939de3e7a6161af0c887ef91b7d41a53e7c5a1ca976325f429cb46ea9bc30ecc"},
]

[package.source]
type = "legacy"
url = "https://www.piwheels.org/simple"
reference = "piwheels"

[[package]]
name = "typing-extensions"
version = "4.8.0"
description = "Backported and Experimental Type Hints for Python 3.8+"
optional = false
python-versions = ">=3.8"
files = [
    {file = "typing_extensions-4.8.0-py3-none-any.whl", hash = "sha256:29bca1f21e385ecf6ac33b2a1b6b7f2f6fde611f82154886c28c0900ef753755"},
]

[package.source]
type = "legacy"
url = "https://www.piwheels.org/simple"
reference = "piwheels"

[[package]]
name = "ubo-gui"
version = "0.4.5"
description = "GUI sdk for Ubo Pod"
optional = false
python-versions = ">=3.9,<4.0"
files = [
    {file = "ubo_gui-0.4.5-py3-none-any.whl", hash = "sha256:68d78a5b02409d78937472b9788a8280f5397068f28cf77aac49534620cd23ab"},
    {file = "ubo_gui-0.4.5.tar.gz", hash = "sha256:a49325ba141eb79a1faa09cf18aea5785d59488a4ba3120f4849e4061cb4abe5"},
]

[package.extras]
dev = ["headless-kivy-pi[dev] (>=0.4.2,<0.5.0)"]

[[package]]
name = "urllib3"
version = "2.1.0"
description = "HTTP library with thread-safe connection pooling, file post, and more."
optional = false
python-versions = ">=3.8"
files = [
    {file = "urllib3-2.1.0-py3-none-any.whl", hash = "sha256:55901e917a5896a349ff771be919f8bd99aff50b79fe58fec595eb37bbc56bb3"},
    {file = "urllib3-2.1.0.tar.gz", hash = "sha256:df7aa8afb0148fa78488e7899b2c59b5f4ffcfa82e6c54ccb9dd37c1d7b52d54"},
]

[package.extras]
brotli = ["brotli (>=1.0.9)", "brotlicffi (>=0.8.0)"]
socks = ["pysocks (>=1.5.6,!=1.5.7,<2.0)"]
zstd = ["zstandard (>=0.18.0)"]

[extras]
dev = ["headless-kivy-pi", "headless-kivy-pi", "ubo-gui", "ubo-gui"]

[metadata]
lock-version = "2.0"
python-versions = "^3.9"
content-hash = "1456574fabf7aa9799ae20dc8c031c93427d26d84e70929834b62cc0cb80ebbf"
