# This file is automatically @generated by Poetry 1.7.0 and should not be changed by hand.

[[package]]
name = "adafruit-blinka"
version = "8.25.0"
description = "CircuitPython APIs for non-CircuitPython versions of Python such as CPython on Linux and MicroPython."
optional = false
python-versions = ">=3.7.0"
files = [
    {file = "Adafruit_Blinka-8.25.0-py3-none-any.whl", hash = "sha256:9af0f97a7d09cc097c528d278add5f0ec814f1f2f75e0e1a3758468d715790c6"},
]

[package.dependencies]
adafruit-circuitpython-typing = "*"
Adafruit-PlatformDetect = ">=3.53.0"
Adafruit-PureIO = ">=1.1.7"
pyftdi = ">=0.40.0"
"RPi.GPIO" = "*"
rpi-ws281x = ">=4.0.0"
sysv-ipc = ">=1.1.0"

[package.source]
type = "legacy"
url = "https://www.piwheels.org/simple"
reference = "piwheels"

[[package]]
name = "adafruit-circuitpython-aw9523"
version = "1.1.8"
description = "Python library for AW9523 GPIO expander and LED driver"
optional = false
python-versions = "*"
files = [
    {file = "adafruit_circuitpython_aw9523-1.1.8-py3-none-any.whl", hash = "sha256:92640e6f8c001a54e58e760719990fabfc059a4f717f3921a1c693cb78207677"},
]

[package.dependencies]
Adafruit-Blinka = "*"
adafruit-circuitpython-busdevice = "*"
adafruit-circuitpython-register = "*"

[package.source]
type = "legacy"
url = "https://www.piwheels.org/simple"
reference = "piwheels"

[[package]]
name = "adafruit-circuitpython-busdevice"
version = "5.2.6"
description = "CircuitPython bus device classes to manage bus sharing."
optional = false
python-versions = "*"
files = [
    {file = "adafruit_circuitpython_busdevice-5.2.6-py3-none-any.whl", hash = "sha256:b6eed0dd8444c3812a26dc34590d83449c9617454618d55417bae0069cf383b3"},
]

[package.dependencies]
Adafruit-Blinka = ">=7.0.0"
adafruit-circuitpython-typing = "*"

[package.source]
type = "legacy"
url = "https://www.piwheels.org/simple"
reference = "piwheels"

[[package]]
name = "adafruit-circuitpython-register"
version = "1.9.17"
description = "CircuitPython data descriptor classes to represent hardware registers on I2C and SPI devices."
optional = false
python-versions = "*"
files = [
    {file = "adafruit_circuitpython_register-1.9.17-py3-none-any.whl", hash = "sha256:bb71809667e8b4ec013e5b42990f2fcd4a7f7e57c58ecf9e892cf87b34ccc8f6"},
]

[package.dependencies]
Adafruit-Blinka = "*"
adafruit-circuitpython-busdevice = "*"
adafruit-circuitpython-typing = ">=1.3.1,<2.dev0"
typing-extensions = ">=4.0,<5.0"

[package.source]
type = "legacy"
url = "https://www.piwheels.org/simple"
reference = "piwheels"

[[package]]
name = "adafruit-circuitpython-requests"
version = "2.0.2"
description = "A requests-like library for web interfacing"
optional = false
python-versions = "*"
files = [
    {file = "adafruit_circuitpython_requests-2.0.2-py3-none-any.whl", hash = "sha256:4d925123ddb9bd8d27fed1cb966d5613c3491ae64b7cadadacd6267a11a7d2ca"},
]

[package.dependencies]
Adafruit-Blinka = "*"

[package.source]
type = "legacy"
url = "https://www.piwheels.org/simple"
reference = "piwheels"

[[package]]
name = "adafruit-circuitpython-rgb-display"
version = "3.12.2"
description = "CircuitPython library for RGB displays."
optional = false
python-versions = "*"
files = [
    {file = "adafruit_circuitpython_rgb_display-3.12.2-py3-none-any.whl", hash = "sha256:48bad53b02d713eb2c01974169928766baf3d6e14b1c62bc7a390a518f8123fa"},
]

[package.dependencies]
Adafruit-Blinka = "*"
adafruit-circuitpython-busdevice = "*"

[package.source]
type = "legacy"
url = "https://www.piwheels.org/simple"
reference = "piwheels"

[[package]]
name = "adafruit-circuitpython-typing"
version = "1.9.5"
description = "Types needed for type annotation that are not in `typing`"
optional = false
python-versions = "*"
files = [
    {file = "adafruit_circuitpython_typing-1.9.5-py3-none-any.whl", hash = "sha256:48d5e975d91da328bd4339a743c4ce2c3c475f20432e394642f416388079496a"},
]

[package.dependencies]
Adafruit-Blinka = "*"
adafruit-circuitpython-busdevice = "*"
adafruit-circuitpython-requests = "*"
typing-extensions = ">=4.0,<5.0"

[package.source]
type = "legacy"
url = "https://www.piwheels.org/simple"
reference = "piwheels"

[[package]]
name = "adafruit-platformdetect"
version = "3.54.0"
description = "Platform detection for use by libraries like Adafruit-Blinka."
optional = false
python-versions = "*"
files = [
    {file = "Adafruit_PlatformDetect-3.54.0-py3-none-any.whl", hash = "sha256:5355fe07b5636ea0e9f04ab414688556797d3026d4c3656dbfc6ccbb8ee0780a"},
]

[package.source]
type = "legacy"
url = "https://www.piwheels.org/simple"
reference = "piwheels"

[[package]]
name = "adafruit-pureio"
version = "1.1.11"
description = "Pure python (i.e. no native extensions) access to Linux IO    including I2C and SPI. Drop in replacement for smbus and spidev modules."
optional = false
python-versions = ">=3.5.0"
files = [
    {file = "Adafruit_PureIO-1.1.11-py3-none-any.whl", hash = "sha256:665f23279bc216de92a00f34833650e2f49c9acc913fc3ca91195b94d172ed0f"},
]

[package.source]
type = "legacy"
url = "https://www.piwheels.org/simple"
reference = "piwheels"

[[package]]
name = "certifi"
version = "2023.11.17"
description = "Python package for providing Mozilla's CA Bundle."
optional = false
python-versions = ">=3.6"
files = [
    {file = "certifi-2023.11.17-py3-none-any.whl", hash = "sha256:e036ab49d5b79556f99cfc2d9320b34cfbe5be05c5871b51de9329f0603b0474"},
    {file = "certifi-2023.11.17.tar.gz", hash = "sha256:9b469f3a900bf28dc19b8cfbf8019bf47f7fdd1a65a1d4ffb98fc14166beb4d1"},
]

[[package]]
name = "charset-normalizer"
version = "3.3.2"
description = "The Real First Universal Charset Detector. Open, modern and actively maintained alternative to Chardet."
optional = false
python-versions = ">=3.7.0"
files = [
    {file = "charset_normalizer-3.3.2-py3-none-any.whl", hash = "sha256:7c3627434be5f9e083deea5193461b7b75bc51b47cecf0a7cacf66f34d3394bf"},
]

[package.source]
type = "legacy"
url = "https://www.piwheels.org/simple"
reference = "piwheels"

[[package]]
name = "cython"
version = "3.0.5"
description = "The Cython compiler for writing C extensions in the Python language."
optional = true
python-versions = ">=2.7, !=3.0.*, !=3.1.*, !=3.2.*, !=3.3.*"
files = [
    {file = "Cython-3.0.5-cp311-cp311-linux_armv6l.whl", hash = "sha256:a7e4594bde5f96ec4463935d783613f402f2afa87567717f7857903e45f9d46d"},
    {file = "Cython-3.0.5-cp311-cp311-linux_armv7l.whl", hash = "sha256:a7e4594bde5f96ec4463935d783613f402f2afa87567717f7857903e45f9d46d"},
    {file = "Cython-3.0.5-cp37-cp37m-linux_armv6l.whl", hash = "sha256:95c3a82f1799f663cd25218265320adf1fdb7d542238f9e4ca39afd64b2ae148"},
    {file = "Cython-3.0.5-cp37-cp37m-linux_armv7l.whl", hash = "sha256:95c3a82f1799f663cd25218265320adf1fdb7d542238f9e4ca39afd64b2ae148"},
    {file = "Cython-3.0.5-cp39-cp39-linux_armv6l.whl", hash = "sha256:b42fd261b3f05211d0c49ed91b119650864cf7487f0a73c943fa882cafdf4473"},
    {file = "Cython-3.0.5-cp39-cp39-linux_armv7l.whl", hash = "sha256:b42fd261b3f05211d0c49ed91b119650864cf7487f0a73c943fa882cafdf4473"},
]

[package.source]
type = "legacy"
url = "https://www.piwheels.org/simple"
reference = "piwheels"

[[package]]
name = "docutils"
version = "0.20.1"
description = "Docutils -- Python Documentation Utilities"
optional = false
python-versions = ">=3.7"
files = [
    {file = "docutils-0.20.1-py3-none-any.whl", hash = "sha256:b4216feb877baaad23967397b3f9719acd8d15e3d0a28aca52b253595e2bb98e"},
]

[package.source]
type = "legacy"
url = "https://www.piwheels.org/simple"
reference = "piwheels"

[[package]]
name = "headless-kivy-pi"
version = "0.4.2"
description = "Headless renderer for Kivy framework on Raspberry Pi"
optional = false
python-versions = ">=3.9,<4.0"
files = [
    {file = "headless_kivy_pi-0.4.2-py3-none-any.whl", hash = "sha256:a2242a8adf0129975f42f86d8861aba77f04120fa5222fb95e5a89bdf7877447"},
]

[package.dependencies]
adafruit-circuitpython-aw9523 = ">=1.1.7,<2.0.0"
adafruit-circuitpython-rgb-display = ">=3.11.0,<4.0.0"
kivy = ">=2.2.1,<3.0.0"
numpy = ">=1.24.2,<2.0.0"
screeninfo = {version = ">=0.8.1,<0.9.0", optional = true, markers = "platform_machine != \"aarch64\" and extra == \"dev\""}
typing-extensions = ">=4.8.0,<5.0.0"

[package.extras]
dev = ["screeninfo (>=0.8.1,<0.9.0)"]

[package.source]
type = "legacy"
url = "https://www.piwheels.org/simple"
reference = "piwheels"

[[package]]
name = "idna"
version = "3.4"
description = "Internationalized Domain Names in Applications (IDNA)"
optional = false
python-versions = ">=3.5"
files = [
    {file = "idna-3.4-py3-none-any.whl", hash = "sha256:bcac1132a4eadea8321490704e2349b752e29c6ec2f1c27d372010e76ebd3fa1"},
]

[package.source]
type = "legacy"
url = "https://www.piwheels.org/simple"
reference = "piwheels"

[[package]]
name = "kivy"
version = "2.2.1"
description = "A software library for rapid development of hardware-accelerated multitouch applications."
optional = false
python-versions = ">=3.7"
files = [
    {file = "Kivy-2.2.1-cp37-cp37m-linux_armv6l.whl", hash = "sha256:f0312dc2b154f2730acaaac1fb9b60081dc55026b2c861fd1d9e34834b5d71ff"},
    {file = "Kivy-2.2.1-cp37-cp37m-linux_armv7l.whl", hash = "sha256:f0312dc2b154f2730acaaac1fb9b60081dc55026b2c861fd1d9e34834b5d71ff"},
    {file = "Kivy-2.2.1-cp39-cp39-linux_armv6l.whl", hash = "sha256:61e5dd7ea9d03a6ed8dcd735328049ca1ccb5d7ed5db8db6215b8106115e832a"},
    {file = "Kivy-2.2.1-cp39-cp39-linux_armv7l.whl", hash = "sha256:61e5dd7ea9d03a6ed8dcd735328049ca1ccb5d7ed5db8db6215b8106115e832a"},
]

[package.dependencies]
docutils = "*"
"kivy-deps.angle" = {version = ">=0.3.3,<0.4.0", markers = "sys_platform == \"win32\""}
"kivy-deps.glew" = {version = ">=0.3.1,<0.4.0", markers = "sys_platform == \"win32\""}
"kivy-deps.sdl2" = {version = ">=0.6.0,<0.7.0", markers = "sys_platform == \"win32\""}
Kivy-Garden = ">=0.1.4"
pygments = "*"
pypiwin32 = {version = "*", markers = "sys_platform == \"win32\""}

[package.extras]
angle = ["kivy-deps.angle (>=0.3.3,<0.4.0)"]
base = ["docutils", "kivy-deps.angle (>=0.3.3,<0.4.0)", "kivy-deps.glew (>=0.3.1,<0.4.0)", "kivy-deps.sdl2 (>=0.6.0,<0.7.0)", "pillow", "pygments", "pypiwin32", "requests"]
dev = ["flake8", "funcparserlib (==1.0.0a0)", "kivy-deps.glew-dev (>=0.3.1,<0.4.0)", "kivy-deps.gstreamer-dev (>=0.3.3,<0.4.0)", "kivy-deps.sdl2-dev (>=0.6.0,<0.7.0)", "pre-commit", "pyinstaller", "pytest (>=3.6)", "pytest-asyncio (!=0.11.0)", "pytest-benchmark", "pytest-cov", "pytest-timeout", "responses", "sphinx (<=6.2.1)", "sphinxcontrib-actdiag", "sphinxcontrib-blockdiag", "sphinxcontrib-jquery", "sphinxcontrib-nwdiag", "sphinxcontrib-seqdiag"]
full = ["docutils", "ffpyplayer", "kivy-deps.angle (>=0.3.3,<0.4.0)", "kivy-deps.glew (>=0.3.1,<0.4.0)", "kivy-deps.gstreamer (>=0.3.3,<0.4.0)", "kivy-deps.sdl2 (>=0.6.0,<0.7.0)", "pillow", "pygments", "pypiwin32"]
glew = ["kivy-deps.glew (>=0.3.1,<0.4.0)"]
gstreamer = ["kivy-deps.gstreamer (>=0.3.3,<0.4.0)"]
media = ["ffpyplayer", "kivy-deps.gstreamer (>=0.3.3,<0.4.0)"]
sdl2 = ["kivy-deps.sdl2 (>=0.6.0,<0.7.0)"]
tuio = ["oscpy"]

[package.source]
type = "legacy"
url = "https://www.piwheels.org/simple"
reference = "piwheels"

[[package]]
name = "kivy-deps-angle"
version = "0.3.3"
description = "Repackaged binary dependency of Kivy."
optional = false
python-versions = "*"
files = [
    {file = "kivy_deps.angle-0.3.3-cp310-cp310-win32.whl", hash = "sha256:8e571b2c662480a265420d6ded386df208d83272896daf616256672c5648e538"},
    {file = "kivy_deps.angle-0.3.3-cp310-cp310-win_amd64.whl", hash = "sha256:e48457f6830fb53aaaa6bf3bd63d50120c1bc1c94f207d988cc8071c122456e9"},
    {file = "kivy_deps.angle-0.3.3-cp311-cp311-win32.whl", hash = "sha256:fdc3de5ead670a8ee0bb411b603cabeaecf7fe277cf99cd70c9585cd964f19a2"},
    {file = "kivy_deps.angle-0.3.3-cp311-cp311-win_amd64.whl", hash = "sha256:c380fb602782e525deba1200cdc0fd3c03b6b3855edb283d76f68485a185061a"},
    {file = "kivy_deps.angle-0.3.3-cp37-cp37m-win32.whl", hash = "sha256:0fa32cc718b51b21745b6b7a055e6e171517f567b5900250c49539bae3d69806"},
    {file = "kivy_deps.angle-0.3.3-cp37-cp37m-win_amd64.whl", hash = "sha256:6336455e59f5b8dd4dd57caca2adf397a48726af8afc48384f4539dccb7b889c"},
    {file = "kivy_deps.angle-0.3.3-cp38-cp38-win32.whl", hash = "sha256:e3fd1168dd4090cc2ccf650abe209483c0794c5a454360c41b01633888afbba1"},
    {file = "kivy_deps.angle-0.3.3-cp38-cp38-win_amd64.whl", hash = "sha256:f044d7e6a9f839222e44f9ae0441ae25ff42e35a5c1b7d1ea9a4d0845dd57172"},
    {file = "kivy_deps.angle-0.3.3-cp39-cp39-win32.whl", hash = "sha256:00a4922a50a55f532722a4419eb394a7a8837d0f78620e2b47f33c6db45a4dc0"},
    {file = "kivy_deps.angle-0.3.3-cp39-cp39-win_amd64.whl", hash = "sha256:de6dbe3273e95a85f6f96c9f52cc0d29a1f92aa05fd10de886ba8c483021b532"},
]

[[package]]
name = "kivy-deps-glew"
version = "0.3.1"
description = "Repackaged binary dependency of Kivy."
optional = false
python-versions = "*"
files = [
    {file = "kivy_deps.glew-0.3.1-cp310-cp310-win32.whl", hash = "sha256:8f4b3ed15acb62474909b6d41661ffb4da9eb502bb5684301fb2da668f288a58"},
    {file = "kivy_deps.glew-0.3.1-cp310-cp310-win_amd64.whl", hash = "sha256:aef2d2a93f129d8425c75234e7f6cc0a34b59a4aee67f6d2cd7a5fdfa9915b53"},
    {file = "kivy_deps.glew-0.3.1-cp311-cp311-win32.whl", hash = "sha256:ee2f80ef7ac70f4b61c50da8101b024308a8c59a57f7f25a6e09762b6c48f942"},
    {file = "kivy_deps.glew-0.3.1-cp311-cp311-win_amd64.whl", hash = "sha256:22e155ec59ce717387f5d8804811206d200a023ba3d0bc9bbf1393ee28d0053e"},
    {file = "kivy_deps.glew-0.3.1-cp37-cp37m-win32.whl", hash = "sha256:5bf6a63fe9cc4fe7bbf280ec267ec8c47914020a1175fb22152525ff1837b436"},
    {file = "kivy_deps.glew-0.3.1-cp37-cp37m-win_amd64.whl", hash = "sha256:d64a8625799fab7a7efeb3661ef8779a7f9c6d80da53eed87a956320f55530fa"},
    {file = "kivy_deps.glew-0.3.1-cp38-cp38-win32.whl", hash = "sha256:00f4ae0a4682d951266458ddb639451edb24baa54a35215dce889209daf19a06"},
    {file = "kivy_deps.glew-0.3.1-cp38-cp38-win_amd64.whl", hash = "sha256:3f8b89dcf1846032d7a9c5ef88b0ee9cbd13366e9b4c85ada61e01549a910677"},
    {file = "kivy_deps.glew-0.3.1-cp39-cp39-win32.whl", hash = "sha256:4e377ed97670dfda619a1b63a82345a8589be90e7c616a458fba2810708810b1"},
    {file = "kivy_deps.glew-0.3.1-cp39-cp39-win_amd64.whl", hash = "sha256:081a09b92f7e7817f489f8b6b31c9c9623661378de1dce1d6b097af5e7d42b45"},
]

[[package]]
name = "kivy-deps-sdl2"
version = "0.6.0"
description = "Repackaged binary dependency of Kivy."
optional = false
python-versions = "*"
files = [
    {file = "kivy_deps.sdl2-0.6.0-cp310-cp310-win32.whl", hash = "sha256:12706ce376f258233386cff2e1d31163d2d97e34f23730d7a3b1f3931af4c78d"},
    {file = "kivy_deps.sdl2-0.6.0-cp310-cp310-win_amd64.whl", hash = "sha256:55e951f89b3e0ad9e703a0f1d3f68092f8beb71e3beebd91cffc0d13f9a06015"},
    {file = "kivy_deps.sdl2-0.6.0-cp311-cp311-win32.whl", hash = "sha256:f9c932badc868b948b65626884e4b6617373b7ce8260f4c1ac9de5979cdf30b3"},
    {file = "kivy_deps.sdl2-0.6.0-cp311-cp311-win_amd64.whl", hash = "sha256:155c2b2ae33550dee39db2343b4128036aa7e039483996763a208f82a4cb20a8"},
    {file = "kivy_deps.sdl2-0.6.0-cp37-cp37m-win32.whl", hash = "sha256:d3b66da88cc256369be9df19874e55752473f41bffbbbc1a0d146bb09618c5a1"},
    {file = "kivy_deps.sdl2-0.6.0-cp37-cp37m-win_amd64.whl", hash = "sha256:4d461e4eaa30d19b8e921b40e640efb991ec9b2047cab53c85d5c1d1a30cef4a"},
    {file = "kivy_deps.sdl2-0.6.0-cp38-cp38-win32.whl", hash = "sha256:f091c84144f612969e5474bdd2d6e46c6dd94834b621e79770e89b52572bd836"},
    {file = "kivy_deps.sdl2-0.6.0-cp38-cp38-win_amd64.whl", hash = "sha256:23e6aed2d1570d2a2ba4f93956d8a9fb8610d908391fe816568ceb3096a3808a"},
    {file = "kivy_deps.sdl2-0.6.0-cp39-cp39-win32.whl", hash = "sha256:78b151065b89bf8fd35694e9415e24f9bd8b4706cf0f439f2371183a6950d857"},
    {file = "kivy_deps.sdl2-0.6.0-cp39-cp39-win_amd64.whl", hash = "sha256:fc1f78d86021a2bf1d8e6107ad611cc8c0610f6faf76062ab39ffdf1de31baef"},
]

[[package]]
name = "kivy-garden"
version = "0.1.5"
description = ""
optional = false
python-versions = "*"
files = [
    {file = "Kivy Garden-0.1.5.tar.gz", hash = "sha256:2b8377378e87501d5d271f33d94f0e44c089884572c64f89c9d609b1f86a2748"},
    {file = "Kivy_Garden-0.1.5-py3-none-any.whl", hash = "sha256:ef50f44b96358cf10ac5665f27a4751bb34ef54051c54b93af891f80afe42929"},
]

[package.dependencies]
requests = "*"

[[package]]
name = "numpy"
version = "1.26.2"
description = "Fundamental package for array computing in Python"
optional = false
python-versions = ">=3.9"
files = [
    {file = "numpy-1.26.2-cp311-cp311-linux_armv6l.whl", hash = "sha256:784889ff2205b671e8283e37caa621a3aa1c8d0d4c03b44be4a857efde2edd72"},
    {file = "numpy-1.26.2-cp311-cp311-linux_armv7l.whl", hash = "sha256:784889ff2205b671e8283e37caa621a3aa1c8d0d4c03b44be4a857efde2edd72"},
    {file = "numpy-1.26.2-cp39-cp39-linux_armv6l.whl", hash = "sha256:795033f0e3b6a1ef31729906d68c88aab30f18cc625850729e95d0c8607a6ef6"},
    {file = "numpy-1.26.2-cp39-cp39-linux_armv7l.whl", hash = "sha256:795033f0e3b6a1ef31729906d68c88aab30f18cc625850729e95d0c8607a6ef6"},
]

[package.source]
type = "legacy"
url = "https://www.piwheels.org/simple"
reference = "piwheels"

[[package]]
name = "pastel"
version = "0.2.1"
description = "Bring colors to your terminal."
optional = false
python-versions = ">=2.7, !=3.0.*, !=3.1.*, !=3.2.*, !=3.3.*"
files = [
    {file = "pastel-0.2.1-py2.py3-none-any.whl", hash = "sha256:4349225fcdf6c2bb34d483e523475de5bb04a5c10ef711263452cb37d7dd4364"},
]

[package.source]
type = "legacy"
url = "https://www.piwheels.org/simple"
reference = "piwheels"

[[package]]
name = "poethepoet"
version = "0.24.4"
description = "A task runner that works well with poetry."
optional = false
python-versions = ">=3.8"
files = [
    {file = "poethepoet-0.24.4-py3-none-any.whl", hash = "sha256:fb4ea35d7f40fe2081ea917d2e4102e2310fda2cde78974050ca83896e229075"},
    {file = "poethepoet-0.24.4.tar.gz", hash = "sha256:ff4220843a87c888cbcb5312c8905214701d0af60ac7271795baa8369b428fef"},
]

[package.dependencies]
pastel = ">=0.2.1,<0.3.0"
tomli = ">=1.2.2"

[package.extras]
poetry-plugin = ["poetry (>=1.0,<2.0)"]

[[package]]
name = "psutil"
version = "5.9.6"
description = "Cross-platform lib for process and system monitoring in Python."
optional = false
python-versions = ">=2.7, !=3.0.*, !=3.1.*, !=3.2.*, !=3.3.*, !=3.4.*, !=3.5.*"
files = [
    {file = "psutil-5.9.6-cp311-abi3-linux_armv6l.whl", hash = "sha256:627f5478251560e8858aa260d20a019d91cd57f32af884b549a030619ead3c26"},
    {file = "psutil-5.9.6-cp311-abi3-linux_armv7l.whl", hash = "sha256:627f5478251560e8858aa260d20a019d91cd57f32af884b549a030619ead3c26"},
    {file = "psutil-5.9.6-cp37-abi3-linux_armv6l.whl", hash = "sha256:ca8dd042776337af58d0b7ea22a7aa2f7e20e78535bd10a8db180522e0fddafe"},
    {file = "psutil-5.9.6-cp37-abi3-linux_armv7l.whl", hash = "sha256:ca8dd042776337af58d0b7ea22a7aa2f7e20e78535bd10a8db180522e0fddafe"},
    {file = "psutil-5.9.6-cp39-abi3-linux_armv6l.whl", hash = "sha256:a81f4d0267b0dacfa1fd06929268be99af81a1463a6a0ba02c663b41145d7dda"},
    {file = "psutil-5.9.6-cp39-abi3-linux_armv7l.whl", hash = "sha256:a81f4d0267b0dacfa1fd06929268be99af81a1463a6a0ba02c663b41145d7dda"},
]

[package.extras]
test = ["enum34", "ipaddress", "mock", "pywin32", "wmi"]

[package.source]
type = "legacy"
url = "https://www.piwheels.org/simple"
reference = "piwheels"

[[package]]
name = "pyftdi"
version = "0.55.0"
description = "FTDI device driver (pure Python)"
optional = false
python-versions = ">=3.8"
files = [
    {file = "pyftdi-0.55.0-py3-none-any.whl", hash = "sha256:662770e70b3c26dd8832a63adc660836f6557808005dd2735182f0c5a6aaa449"},
]

[package.dependencies]
pyserial = ">=3.0"
pyusb = ">=1.0.0,<1.2.0 || >1.2.0"

[package.source]
type = "legacy"
url = "https://www.piwheels.org/simple"
reference = "piwheels"

[[package]]
name = "pygments"
version = "2.17.2"
description = "Pygments is a syntax highlighting package written in Python."
optional = false
python-versions = ">=3.7"
files = [
    {file = "pygments-2.17.2-py3-none-any.whl", hash = "sha256:b27c2826c47d0f3219f29554824c30c5e8945175d888647acd804ddd04af846c"},
    {file = "pygments-2.17.2.tar.gz", hash = "sha256:da46cec9fd2de5be3a8a784f434e4c4ab670b4ff54d605c4c2717e9d49c4c367"},
]

[package.extras]
plugins = ["importlib-metadata"]
windows-terminal = ["colorama (>=0.4.6)"]

[[package]]
name = "pyobjc-core"
version = "10.0"
description = "Python<->ObjC Interoperability Module"
optional = true
python-versions = ">=3.8"
files = [
    {file = "pyobjc-core-10.0.tar.gz", hash = "sha256:3dd0a7b3acd7e0b8ffd3f5331b29a3aaebe79a03323e61efeece38627a6020b3"},
    {file = "pyobjc_core-10.0-cp310-cp310-macosx_10_9_universal2.whl", hash = "sha256:61ea5112a672d21b5b0ed945778707c655b17c400672aef144705674c4b95499"},
    {file = "pyobjc_core-10.0-cp311-cp311-macosx_10_9_universal2.whl", hash = "sha256:99b72cda4593e0c66037b25a178f2bcc6efffb6d5d9dcd477ecca859a1f9ae8e"},
    {file = "pyobjc_core-10.0-cp312-cp312-macosx_10_9_universal2.whl", hash = "sha256:2843ca32e86a01ccee67d7ad82a325ddd72d754929d1f2c0d96bc8741dc9af09"},
    {file = "pyobjc_core-10.0-cp38-cp38-macosx_10_9_x86_64.whl", hash = "sha256:a886b9d2a93210cab4ae72601ab005ca6f627fa2f0cc62c43c03ef1405067a11"},
    {file = "pyobjc_core-10.0-cp38-cp38-macosx_11_0_universal2.whl", hash = "sha256:166666b5c380a49e8aa1ad1dda978c581e29a00703d82203216f3c65a3f397a4"},
    {file = "pyobjc_core-10.0-cp39-cp39-macosx_10_9_universal2.whl", hash = "sha256:198a0360f64e4c0148eed07b42d1de0545f56c498c356d1d5524422bb3352907"},
]

[[package]]
name = "pyobjc-framework-cocoa"
version = "10.0"
description = "Wrappers for the Cocoa frameworks on macOS"
optional = true
python-versions = ">=3.8"
files = [
    {file = "pyobjc-framework-Cocoa-10.0.tar.gz", hash = "sha256:723421eff4f59e4ca9a9bb8ec6dafbc0f778141236fa85a49fdd86732d58a74c"},
    {file = "pyobjc_framework_Cocoa-10.0-cp310-cp310-macosx_10_9_universal2.whl", hash = "sha256:80c22a8fc7f085746d9cd222adeca8fe6790e3e6ad7eed5fc70b32aa87c10adb"},
    {file = "pyobjc_framework_Cocoa-10.0-cp311-cp311-macosx_10_9_universal2.whl", hash = "sha256:0187cba228976a45f41116c74aab079b64bacb3ffc3c886a4bd8e472bf9be581"},
    {file = "pyobjc_framework_Cocoa-10.0-cp312-cp312-macosx_10_9_universal2.whl", hash = "sha256:a81dabdc40268591e3196087388e680c6570fed1b521df9b04733cb3ece0414e"},
    {file = "pyobjc_framework_Cocoa-10.0-cp38-cp38-macosx_10_9_x86_64.whl", hash = "sha256:0a23db9ab99e338e1d8a268d873cc15408f78cec9946308393ca2241820c18b8"},
    {file = "pyobjc_framework_Cocoa-10.0-cp38-cp38-macosx_11_0_universal2.whl", hash = "sha256:a3c66fe56a5156a818fbf056c589f8140a5fdb1dcb1f1075cb34d3755474d900"},
    {file = "pyobjc_framework_Cocoa-10.0-cp39-cp39-macosx_10_9_universal2.whl", hash = "sha256:bf9020e85ead569021b15272dcd90207aab6c754093f520b11d4210a2efbdd06"},
]

[package.dependencies]
pyobjc-core = ">=10.0"

[[package]]
name = "pypiwin32"
version = "223"
description = ""
optional = false
python-versions = "*"
files = [
    {file = "pypiwin32-223-py3-none-any.whl", hash = "sha256:67adf399debc1d5d14dffc1ab5acacb800da569754fafdc576b2a039485aa775"},
]

[package.dependencies]
pywin32 = ">=223"

[package.source]
type = "legacy"
url = "https://www.piwheels.org/simple"
reference = "piwheels"

[[package]]
name = "pyserial"
version = "3.5"
description = "Python Serial Port Extension"
optional = false
python-versions = "*"
files = [
    {file = "pyserial-3.5-py2.py3-none-any.whl", hash = "sha256:c4451db6ba391ca6ca299fb3ec7bae67a5c55dde170964c7a14ceefec02f2cf0"},
]

[package.extras]
cp2110 = ["hidapi"]

[package.source]
type = "legacy"
url = "https://www.piwheels.org/simple"
reference = "piwheels"

[[package]]
name = "python-redux"
version = "0.6.4"
description = "Redux implementation for Python"
optional = false
python-versions = ">=3.9,<4.0"
files = [
    {file = "python_redux-0.6.4-py3-none-any.whl", hash = "sha256:75dd89d372d9159a7fbd3adab8711e43454d608f4d77b5878e6a7a6409777f2b"},
    {file = "python_redux-0.6.4.tar.gz", hash = "sha256:a31706c9b1775b2ee1991e87d3b3f37f393648876111e8a5b37c8c497e709410"},
]

[[package]]
name = "pyusb"
version = "1.2.1"
description = "Python USB access module"
optional = false
python-versions = ">=3.6.0"
files = [
    {file = "pyusb-1.2.1-py3-none-any.whl", hash = "sha256:2b4c7cb86dbadf044dfb9d3a4ff69fd217013dbe78a792177a3feb172449ea36"},
]

[package.source]
type = "legacy"
url = "https://www.piwheels.org/simple"
reference = "piwheels"

[[package]]
name = "pywin32"
version = "306"
description = "Python for Window Extensions"
optional = false
python-versions = "*"
files = [
    {file = "pywin32-306-cp310-cp310-win32.whl", hash = "sha256:06d3420a5155ba65f0b72f2699b5bacf3109f36acbe8923765c22938a69dfc8d"},
    {file = "pywin32-306-cp310-cp310-win_amd64.whl", hash = "sha256:84f4471dbca1887ea3803d8848a1616429ac94a4a8d05f4bc9c5dcfd42ca99c8"},
    {file = "pywin32-306-cp311-cp311-win32.whl", hash = "sha256:e65028133d15b64d2ed8f06dd9fbc268352478d4f9289e69c190ecd6818b6407"},
    {file = "pywin32-306-cp311-cp311-win_amd64.whl", hash = "sha256:a7639f51c184c0272e93f244eb24dafca9b1855707d94c192d4a0b4c01e1100e"},
    {file = "pywin32-306-cp311-cp311-win_arm64.whl", hash = "sha256:70dba0c913d19f942a2db25217d9a1b726c278f483a919f1abfed79c9cf64d3a"},
    {file = "pywin32-306-cp312-cp312-win32.whl", hash = "sha256:383229d515657f4e3ed1343da8be101000562bf514591ff383ae940cad65458b"},
    {file = "pywin32-306-cp312-cp312-win_amd64.whl", hash = "sha256:37257794c1ad39ee9be652da0462dc2e394c8159dfd913a8a4e8eb6fd346da0e"},
    {file = "pywin32-306-cp312-cp312-win_arm64.whl", hash = "sha256:5821ec52f6d321aa59e2db7e0a35b997de60c201943557d108af9d4ae1ec7040"},
    {file = "pywin32-306-cp37-cp37m-win32.whl", hash = "sha256:1c73ea9a0d2283d889001998059f5eaaba3b6238f767c9cf2833b13e6a685f65"},
    {file = "pywin32-306-cp37-cp37m-win_amd64.whl", hash = "sha256:72c5f621542d7bdd4fdb716227be0dd3f8565c11b280be6315b06ace35487d36"},
    {file = "pywin32-306-cp38-cp38-win32.whl", hash = "sha256:e4c092e2589b5cf0d365849e73e02c391c1349958c5ac3e9d5ccb9a28e017b3a"},
    {file = "pywin32-306-cp38-cp38-win_amd64.whl", hash = "sha256:e8ac1ae3601bee6ca9f7cb4b5363bf1c0badb935ef243c4733ff9a393b1690c0"},
    {file = "pywin32-306-cp39-cp39-win32.whl", hash = "sha256:e25fd5b485b55ac9c057f67d94bc203f3f6595078d1fb3b458c9c28b7153a802"},
    {file = "pywin32-306-cp39-cp39-win_amd64.whl", hash = "sha256:39b61c15272833b5c329a2989999dcae836b1eed650252ab1b7bfbe1d59f30f4"},
]

[[package]]
name = "requests"
version = "2.31.0"
description = "Python HTTP for Humans."
optional = false
python-versions = ">=3.7"
files = [
    {file = "requests-2.31.0-py3-none-any.whl", hash = "sha256:471e7795897eff62a8e31f26f241e3e67ee80d1bd0f64236538a3dda8d3f1acc"},
]

[package.dependencies]
certifi = ">=2017.4.17"
charset-normalizer = ">=2,<4"
idna = ">=2.5,<4"
urllib3 = ">=1.21.1,<3"

[package.extras]
socks = ["PySocks (>=1.5.6,!=1.5.7)"]
use-chardet-on-py3 = ["chardet (>=3.0.2,<6)"]

[package.source]
type = "legacy"
url = "https://www.piwheels.org/simple"
reference = "piwheels"

[[package]]
name = "rpi-gpio"
version = "0.7.1"
description = "A module to control Raspberry Pi GPIO channels"
optional = false
python-versions = "*"
files = [
    {file = "RPi.GPIO-0.7.1-cp35-cp35m-linux_armv6l.whl", hash = "sha256:5073d1972727cfad38a1a42f02da91dc41f137679290aa804ab6c410168347ac"},
    {file = "RPi.GPIO-0.7.1-cp35-cp35m-linux_armv7l.whl", hash = "sha256:5073d1972727cfad38a1a42f02da91dc41f137679290aa804ab6c410168347ac"},
    {file = "RPi.GPIO-0.7.1-cp37-cp37m-linux_armv6l.whl", hash = "sha256:e5dfec2c4ccb7dbe9eef3dfc76a3b04121fc62d77fd8fbe1a8e841468a1b0c4c"},
    {file = "RPi.GPIO-0.7.1-cp37-cp37m-linux_armv7l.whl", hash = "sha256:e5dfec2c4ccb7dbe9eef3dfc76a3b04121fc62d77fd8fbe1a8e841468a1b0c4c"},
    {file = "RPi.GPIO-0.7.1-cp39-cp39-linux_armv6l.whl", hash = "sha256:231f6142c25975a7e39b96faf4905f05f97dba6809e8c5f0d58f284b35b4b821"},
    {file = "RPi.GPIO-0.7.1-cp39-cp39-linux_armv7l.whl", hash = "sha256:231f6142c25975a7e39b96faf4905f05f97dba6809e8c5f0d58f284b35b4b821"},
]

[package.source]
type = "legacy"
url = "https://www.piwheels.org/simple"
reference = "piwheels"

[[package]]
name = "rpi-ws281x"
version = "5.0.0"
description = "Userspace Raspberry Pi PWM/PCM/SPI library for SK6812 and WS281X LEDs."
optional = false
python-versions = ">=3.6"
files = [
    {file = "rpi_ws281x-5.0.0-cp37-cp37m-linux_armv6l.whl", hash = "sha256:2d9d8cb8f54bf68c1935a9b466aef8960f2e4aec4328057c0a9e59fc8eaad187"},
    {file = "rpi_ws281x-5.0.0-cp37-cp37m-linux_armv7l.whl", hash = "sha256:2d9d8cb8f54bf68c1935a9b466aef8960f2e4aec4328057c0a9e59fc8eaad187"},
    {file = "rpi_ws281x-5.0.0-cp39-cp39-linux_armv6l.whl", hash = "sha256:3c4af921dda22a393e42793e799823918e7d7a5bb71e50e885c22769ffa00c73"},
    {file = "rpi_ws281x-5.0.0-cp39-cp39-linux_armv7l.whl", hash = "sha256:3c4af921dda22a393e42793e799823918e7d7a5bb71e50e885c22769ffa00c73"},
]

[package.source]
type = "legacy"
url = "https://www.piwheels.org/simple"
reference = "piwheels"

[[package]]
name = "screeninfo"
version = "0.8.1"
description = "Fetch location and size of physical screens."
optional = true
python-versions = ">=3.6.2,<4.0.0"
files = [
    {file = "screeninfo-0.8.1-py3-none-any.whl", hash = "sha256:1d5c100d6cf2b65ebde6c112be395693f953ed25377187f75fdf5a0ac5587b31"},
]

[package.dependencies]
Cython = {version = "*", markers = "sys_platform == \"darwin\""}
pyobjc-framework-Cocoa = {version = "*", markers = "sys_platform == \"darwin\""}

[package.source]
type = "legacy"
url = "https://www.piwheels.org/simple"
reference = "piwheels"

[[package]]
name = "sysv-ipc"
version = "1.1.0"
description = "System V IPC primitives (semaphores, shared memory and message queues) for Python"
optional = false
python-versions = "*"
files = [
    {file = "sysv_ipc-1.1.0-cp37-cp37m-linux_armv6l.whl", hash = "sha256:3cc523ce39338200c0ad7735c48267a26735690977b4eb4879bd8e10b4e7a82d"},
    {file = "sysv_ipc-1.1.0-cp37-cp37m-linux_armv7l.whl", hash = "sha256:3cc523ce39338200c0ad7735c48267a26735690977b4eb4879bd8e10b4e7a82d"},
    {file = "sysv_ipc-1.1.0-cp39-cp39-linux_armv6l.whl", hash = "sha256:0ef1f4360d0c4e353f63d43743911c060881ebf920c95ec8adfa4fcbf58955da"},
    {file = "sysv_ipc-1.1.0-cp39-cp39-linux_armv7l.whl", hash = "sha256:0ef1f4360d0c4e353f63d43743911c060881ebf920c95ec8adfa4fcbf58955da"},
]

[package.source]
type = "legacy"
url = "https://www.piwheels.org/simple"
reference = "piwheels"

[[package]]
name = "tomli"
version = "2.0.1"
description = "A lil' TOML parser"
optional = false
python-versions = ">=3.7"
files = [
    {file = "tomli-2.0.1-py3-none-any.whl", hash = "sha256:939de3e7a6161af0c887ef91b7d41a53e7c5a1ca976325f429cb46ea9bc30ecc"},
]

[package.source]
type = "legacy"
url = "https://www.piwheels.org/simple"
reference = "piwheels"

[[package]]
name = "typing-extensions"
version = "4.8.0"
description = "Backported and Experimental Type Hints for Python 3.8+"
optional = false
python-versions = ">=3.8"
files = [
    {file = "typing_extensions-4.8.0-py3-none-any.whl", hash = "sha256:29bca1f21e385ecf6ac33b2a1b6b7f2f6fde611f82154886c28c0900ef753755"},
]

[package.source]
type = "legacy"
url = "https://www.piwheels.org/simple"
reference = "piwheels"

[[package]]
name = "ubo-gui"
version = "0.4.5"
description = "GUI sdk for Ubo Pod"
optional = false
python-versions = ">=3.9,<4.0"
files = [
    {file = "ubo_gui-0.4.5-py3-none-any.whl", hash = "sha256:68d78a5b02409d78937472b9788a8280f5397068f28cf77aac49534620cd23ab"},
]

[package.extras]
dev = ["headless-kivy-pi[dev] (>=0.4.2,<0.5.0)"]

[package.source]
type = "legacy"
url = "https://www.piwheels.org/simple"
reference = "piwheels"

[[package]]
name = "urllib3"
version = "2.1.0"
description = "HTTP library with thread-safe connection pooling, file post, and more."
optional = false
python-versions = ">=3.8"
files = [
    {file = "urllib3-2.1.0-py3-none-any.whl", hash = "sha256:c94da74949bf2cd9d7c6539ba66893c8b51e1207702dc7463eb537499b39a455"},
]

[package.extras]
brotli = ["brotli (>=1.0.9)", "brotlicffi (>=0.8.0)"]
socks = ["pysocks (>=1.5.6,!=1.5.7,<2.0)"]
zstd = ["zstandard (>=0.18.0)"]

[package.source]
type = "legacy"
url = "https://www.piwheels.org/simple"
reference = "piwheels"

[extras]
dev = ["headless-kivy-pi", "headless-kivy-pi", "ubo-gui", "ubo-gui"]

[metadata]
lock-version = "2.0"
python-versions = "^3.9"
content-hash = "64b2cc1748f48736e1fce7af7b6261e1cfdac112c48d1da4f9f0cf914653de32"
